
Microsoft Visual Studio Solution File, Format Version 12.00
# Visual Studio Version 17
VisualStudioVersion = 17.4.33213.308
MinimumVisualStudioVersion = 10.0.40219.1
Project("{FAE04EC0-301F-11D3-BF4B-00C04F79EFBC}") = "06_Static_VS_Singleton", "06_Static_VS_Singleton\06_Static_VS_Singleton.csproj", "{280FC4B7-F528-40D3-B859-A2D9D196A402}"
EndProject
Global
	GlobalSection(SolutionConfigurationPlatforms) = preSolution
		Debug|Any CPU = Debug|Any CPU
		Release|Any CPU = Release|Any CPU
	EndGlobalSection
	GlobalSection(ProjectConfigurationPlatforms) = postSolution
		{280FC4B7-F528-40D3-B859-A2D9D196A402}.Debug|Any CPU.ActiveCfg = Debug|Any CPU
		{280FC4B7-F528-40D3-B859-A2D9D196A402}.Debug|Any CPU.Build.0 = Debug|Any CPU
		{280FC4B7-F528-40D3-B859-A2D9D196A402}.Release|Any CPU.ActiveCfg = Release|Any CPU
		{280FC4B7-F528-40D3-B859-A2D9D196A402}.Release|Any CPU.Build.0 = Release|Any CPU
	EndGlobalSection
	GlobalSection(SolutionProperties) = preSolution
		HideSolutionNode = FALSE
	EndGlobalSection
	GlobalSection(ExtensibilityGlobals) = postSolution
		SolutionGuid = {A8BF63F3-3B06-4459-8F89-16CE61D32EE5}
	EndGlobalSection
EndGlobal
